
Microsoft Visual Studio Solution File, Format Version 12.00
# Visual Studio Version 16
VisualStudioVersion = 16.0.31313.79
MinimumVisualStudioVersion = 10.0.40219.1
Project("{9A19103F-16F7-4668-BE54-9A1E7A4F7556}") = "Exercises01", "Exercises\Exercises01.csproj", "{6BC717FF-384F-48F1-836C-6265FDBE2E16}"
EndProject
Project("{9A19103F-16F7-4668-BE54-9A1E7A4F7556}") = "Exercises02", "Exercises02\Exercises02.csproj", "{06DB8227-719F-4941-94DC-46A526D800EA}"
EndProject
Project("{9A19103F-16F7-4668-BE54-9A1E7A4F7556}") = "Exercice03", "Exercice03\Exercice03.csproj", "{E4F4A7E7-0C70-411F-A55E-6F2D98B92946}"
EndProject
Project("{9A19103F-16F7-4668-BE54-9A1E7A4F7556}") = "Exercicio04", "Exercicio04\Exercicio04.csproj", "{D3E06B01-414E-43F8-BF81-DFC2960D5F75}"
EndProject
Project("{9A19103F-16F7-4668-BE54-9A1E7A4F7556}") = "Exercicio05", "Exercicio05\Exercicio05.csproj", "{92B08274-B202-4C4A-8855-D7AC79CDFF92}"
EndProject
Project("{FAE04EC0-301F-11D3-BF4B-00C04F79EFBC}") = "Exercise06", "Exercise06\Exercise06.csproj", "{4A2737CD-484F-4233-8E43-BBCA28D1907A}"
EndProject
Global
	GlobalSection(SolutionConfigurationPlatforms) = preSolution
		Debug|Any CPU = Debug|Any CPU
		Release|Any CPU = Release|Any CPU
	EndGlobalSection
	GlobalSection(ProjectConfigurationPlatforms) = postSolution
		{6BC717FF-384F-48F1-836C-6265FDBE2E16}.Debug|Any CPU.ActiveCfg = Debug|Any CPU
		{6BC717FF-384F-48F1-836C-6265FDBE2E16}.Debug|Any CPU.Build.0 = Debug|Any CPU
		{6BC717FF-384F-48F1-836C-6265FDBE2E16}.Release|Any CPU.ActiveCfg = Release|Any CPU
		{6BC717FF-384F-48F1-836C-6265FDBE2E16}.Release|Any CPU.Build.0 = Release|Any CPU
		{06DB8227-719F-4941-94DC-46A526D800EA}.Debug|Any CPU.ActiveCfg = Debug|Any CPU
		{06DB8227-719F-4941-94DC-46A526D800EA}.Debug|Any CPU.Build.0 = Debug|Any CPU
		{06DB8227-719F-4941-94DC-46A526D800EA}.Release|Any CPU.ActiveCfg = Release|Any CPU
		{06DB8227-719F-4941-94DC-46A526D800EA}.Release|Any CPU.Build.0 = Release|Any CPU
		{E4F4A7E7-0C70-411F-A55E-6F2D98B92946}.Debug|Any CPU.ActiveCfg = Debug|Any CPU
		{E4F4A7E7-0C70-411F-A55E-6F2D98B92946}.Debug|Any CPU.Build.0 = Debug|Any CPU
		{E4F4A7E7-0C70-411F-A55E-6F2D98B92946}.Release|Any CPU.ActiveCfg = Release|Any CPU
		{E4F4A7E7-0C70-411F-A55E-6F2D98B92946}.Release|Any CPU.Build.0 = Release|Any CPU
		{D3E06B01-414E-43F8-BF81-DFC2960D5F75}.Debug|Any CPU.ActiveCfg = Debug|Any CPU
		{D3E06B01-414E-43F8-BF81-DFC2960D5F75}.Debug|Any CPU.Build.0 = Debug|Any CPU
		{D3E06B01-414E-43F8-BF81-DFC2960D5F75}.Release|Any CPU.ActiveCfg = Release|Any CPU
		{D3E06B01-414E-43F8-BF81-DFC2960D5F75}.Release|Any CPU.Build.0 = Release|Any CPU
		{92B08274-B202-4C4A-8855-D7AC79CDFF92}.Debug|Any CPU.ActiveCfg = Debug|Any CPU
		{92B08274-B202-4C4A-8855-D7AC79CDFF92}.Debug|Any CPU.Build.0 = Debug|Any CPU
		{92B08274-B202-4C4A-8855-D7AC79CDFF92}.Release|Any CPU.ActiveCfg = Release|Any CPU
		{92B08274-B202-4C4A-8855-D7AC79CDFF92}.Release|Any CPU.Build.0 = Release|Any CPU
		{4A2737CD-484F-4233-8E43-BBCA28D1907A}.Debug|Any CPU.ActiveCfg = Debug|Any CPU
		{4A2737CD-484F-4233-8E43-BBCA28D1907A}.Debug|Any CPU.Build.0 = Debug|Any CPU
		{4A2737CD-484F-4233-8E43-BBCA28D1907A}.Release|Any CPU.ActiveCfg = Release|Any CPU
		{4A2737CD-484F-4233-8E43-BBCA28D1907A}.Release|Any CPU.Build.0 = Release|Any CPU
	EndGlobalSection
	GlobalSection(SolutionProperties) = preSolution
		HideSolutionNode = FALSE
	EndGlobalSection
	GlobalSection(ExtensibilityGlobals) = postSolution
		SolutionGuid = {57940C26-D38A-4953-9288-25467629AE39}
	EndGlobalSection
EndGlobal
