
Microsoft Visual Studio Solution File, Format Version 12.00
# Visual Studio Version 16
VisualStudioVersion = 16.0.31313.79
MinimumVisualStudioVersion = 10.0.40219.1
Project("{9A19103F-16F7-4668-BE54-9A1E7A4F7556}") = "Exercises01", "Exercises\Exercises01.csproj", "{6BC717FF-384F-48F1-836C-6265FDBE2E16}"
EndProject
Project("{9A19103F-16F7-4668-BE54-9A1E7A4F7556}") = "Exercises02", "Exercises02\Exercises02.csproj", "{06DB8227-719F-4941-94DC-46A526D800EA}"
EndProject
Project("{9A19103F-16F7-4668-BE54-9A1E7A4F7556}") = "Exercice03", "Exercice03\Exercice03.csproj", "{E4F4A7E7-0C70-411F-A55E-6F2D98B92946}"
EndProject
Project("{9A19103F-16F7-4668-BE54-9A1E7A4F7556}") = "Exercicio04", "Exercicio04\Exercicio04.csproj", "{D3E06B01-414E-43F8-BF81-DFC2960D5F75}"
EndProject
Project("{9A19103F-16F7-4668-BE54-9A1E7A4F7556}") = "Exercicio05", "Exercicio05\Exercicio05.csproj", "{92B08274-B202-4C4A-8855-D7AC79CDFF92}"
EndProject
Project("{9A19103F-16F7-4668-BE54-9A1E7A4F7556}") = "Exercise06", "Exercise06\Exercise06.csproj", "{4A2737CD-484F-4233-8E43-BBCA28D1907A}"
EndProject
Project("{9A19103F-16F7-4668-BE54-9A1E7A4F7556}") = "Exercise07", "Exercise07\Exercise07.csproj", "{0B3A1CE7-4EC1-4371-82AB-C6A7B7A30BD4}"
EndProject
Project("{9A19103F-16F7-4668-BE54-9A1E7A4F7556}") = "Exercise08", "Exercise08\Exercise08.csproj", "{9DE367BC-DCDE-42BF-9917-B4DDE4023731}"
EndProject
Project("{9A19103F-16F7-4668-BE54-9A1E7A4F7556}") = "Exercise09", "Exercise09\Exercise09.csproj", "{568F8B2E-8AD5-4BD9-8F2D-395FB7A3ADC9}"
EndProject
Project("{9A19103F-16F7-4668-BE54-9A1E7A4F7556}") = "Exercise10", "Exercise10\Exercise10.csproj", "{2190E1DC-ECFC-43E9-98F4-26128373C1D5}"
EndProject
Project("{9A19103F-16F7-4668-BE54-9A1E7A4F7556}") = "Exercise11", "Exercise11\Exercise11.csproj", "{880045FC-CAEA-4419-8A7C-8C268B5D8E91}"
EndProject
Project("{9A19103F-16F7-4668-BE54-9A1E7A4F7556}") = "Exercise12", "Exercise12\Exercise12.csproj", "{CBD8C554-A433-4454-9BB1-A48D6A6C0C2E}"
EndProject
Project("{9A19103F-16F7-4668-BE54-9A1E7A4F7556}") = "Exercise13", "Exercise13\Exercise13.csproj", "{BE291353-5396-4CFD-B20E-FFC33B43BB55}"
EndProject
Project("{9A19103F-16F7-4668-BE54-9A1E7A4F7556}") = "Exercise14", "Exercise14\Exercise14.csproj", "{BA3E04D3-1094-47DE-B875-55DF80D627C2}"
EndProject
Project("{9A19103F-16F7-4668-BE54-9A1E7A4F7556}") = "Exercise15", "Exercise15\Exercise15.csproj", "{BEB08A18-5E2D-45CA-800B-C67D0589227E}"
EndProject
Project("{9A19103F-16F7-4668-BE54-9A1E7A4F7556}") = "Exercise16", "Exercise16\Exercise16.csproj", "{8F35F99D-A8B6-4E2C-B1D7-76800E243098}"
EndProject
Project("{9A19103F-16F7-4668-BE54-9A1E7A4F7556}") = "Exercise17", "Exercise17\Exercise17.csproj", "{F9B01860-FEAF-4685-87F1-F60F156B5EFE}"
EndProject
Project("{FAE04EC0-301F-11D3-BF4B-00C04F79EFBC}") = "Exercise18", "Exercise18\Exercise18.csproj", "{CB7CA6AF-47CE-4511-814B-C7DA87F3B1D7}"
EndProject
Global
	GlobalSection(SolutionConfigurationPlatforms) = preSolution
		Debug|Any CPU = Debug|Any CPU
		Release|Any CPU = Release|Any CPU
	EndGlobalSection
	GlobalSection(ProjectConfigurationPlatforms) = postSolution
		{6BC717FF-384F-48F1-836C-6265FDBE2E16}.Debug|Any CPU.ActiveCfg = Debug|Any CPU
		{6BC717FF-384F-48F1-836C-6265FDBE2E16}.Debug|Any CPU.Build.0 = Debug|Any CPU
		{6BC717FF-384F-48F1-836C-6265FDBE2E16}.Release|Any CPU.ActiveCfg = Release|Any CPU
		{6BC717FF-384F-48F1-836C-6265FDBE2E16}.Release|Any CPU.Build.0 = Release|Any CPU
		{06DB8227-719F-4941-94DC-46A526D800EA}.Debug|Any CPU.ActiveCfg = Debug|Any CPU
		{06DB8227-719F-4941-94DC-46A526D800EA}.Debug|Any CPU.Build.0 = Debug|Any CPU
		{06DB8227-719F-4941-94DC-46A526D800EA}.Release|Any CPU.ActiveCfg = Release|Any CPU
		{06DB8227-719F-4941-94DC-46A526D800EA}.Release|Any CPU.Build.0 = Release|Any CPU
		{E4F4A7E7-0C70-411F-A55E-6F2D98B92946}.Debug|Any CPU.ActiveCfg = Debug|Any CPU
		{E4F4A7E7-0C70-411F-A55E-6F2D98B92946}.Debug|Any CPU.Build.0 = Debug|Any CPU
		{E4F4A7E7-0C70-411F-A55E-6F2D98B92946}.Release|Any CPU.ActiveCfg = Release|Any CPU
		{E4F4A7E7-0C70-411F-A55E-6F2D98B92946}.Release|Any CPU.Build.0 = Release|Any CPU
		{D3E06B01-414E-43F8-BF81-DFC2960D5F75}.Debug|Any CPU.ActiveCfg = Debug|Any CPU
		{D3E06B01-414E-43F8-BF81-DFC2960D5F75}.Debug|Any CPU.Build.0 = Debug|Any CPU
		{D3E06B01-414E-43F8-BF81-DFC2960D5F75}.Release|Any CPU.ActiveCfg = Release|Any CPU
		{D3E06B01-414E-43F8-BF81-DFC2960D5F75}.Release|Any CPU.Build.0 = Release|Any CPU
		{92B08274-B202-4C4A-8855-D7AC79CDFF92}.Debug|Any CPU.ActiveCfg = Debug|Any CPU
		{92B08274-B202-4C4A-8855-D7AC79CDFF92}.Debug|Any CPU.Build.0 = Debug|Any CPU
		{92B08274-B202-4C4A-8855-D7AC79CDFF92}.Release|Any CPU.ActiveCfg = Release|Any CPU
		{92B08274-B202-4C4A-8855-D7AC79CDFF92}.Release|Any CPU.Build.0 = Release|Any CPU
		{4A2737CD-484F-4233-8E43-BBCA28D1907A}.Debug|Any CPU.ActiveCfg = Debug|Any CPU
		{4A2737CD-484F-4233-8E43-BBCA28D1907A}.Debug|Any CPU.Build.0 = Debug|Any CPU
		{4A2737CD-484F-4233-8E43-BBCA28D1907A}.Release|Any CPU.ActiveCfg = Release|Any CPU
		{4A2737CD-484F-4233-8E43-BBCA28D1907A}.Release|Any CPU.Build.0 = Release|Any CPU
		{0B3A1CE7-4EC1-4371-82AB-C6A7B7A30BD4}.Debug|Any CPU.ActiveCfg = Debug|Any CPU
		{0B3A1CE7-4EC1-4371-82AB-C6A7B7A30BD4}.Debug|Any CPU.Build.0 = Debug|Any CPU
		{0B3A1CE7-4EC1-4371-82AB-C6A7B7A30BD4}.Release|Any CPU.ActiveCfg = Release|Any CPU
		{0B3A1CE7-4EC1-4371-82AB-C6A7B7A30BD4}.Release|Any CPU.Build.0 = Release|Any CPU
		{9DE367BC-DCDE-42BF-9917-B4DDE4023731}.Debug|Any CPU.ActiveCfg = Debug|Any CPU
		{9DE367BC-DCDE-42BF-9917-B4DDE4023731}.Debug|Any CPU.Build.0 = Debug|Any CPU
		{9DE367BC-DCDE-42BF-9917-B4DDE4023731}.Release|Any CPU.ActiveCfg = Release|Any CPU
		{9DE367BC-DCDE-42BF-9917-B4DDE4023731}.Release|Any CPU.Build.0 = Release|Any CPU
		{568F8B2E-8AD5-4BD9-8F2D-395FB7A3ADC9}.Debug|Any CPU.ActiveCfg = Debug|Any CPU
		{568F8B2E-8AD5-4BD9-8F2D-395FB7A3ADC9}.Debug|Any CPU.Build.0 = Debug|Any CPU
		{568F8B2E-8AD5-4BD9-8F2D-395FB7A3ADC9}.Release|Any CPU.ActiveCfg = Release|Any CPU
		{568F8B2E-8AD5-4BD9-8F2D-395FB7A3ADC9}.Release|Any CPU.Build.0 = Release|Any CPU
		{2190E1DC-ECFC-43E9-98F4-26128373C1D5}.Debug|Any CPU.ActiveCfg = Debug|Any CPU
		{2190E1DC-ECFC-43E9-98F4-26128373C1D5}.Debug|Any CPU.Build.0 = Debug|Any CPU
		{2190E1DC-ECFC-43E9-98F4-26128373C1D5}.Release|Any CPU.ActiveCfg = Release|Any CPU
		{2190E1DC-ECFC-43E9-98F4-26128373C1D5}.Release|Any CPU.Build.0 = Release|Any CPU
		{880045FC-CAEA-4419-8A7C-8C268B5D8E91}.Debug|Any CPU.ActiveCfg = Debug|Any CPU
		{880045FC-CAEA-4419-8A7C-8C268B5D8E91}.Debug|Any CPU.Build.0 = Debug|Any CPU
		{880045FC-CAEA-4419-8A7C-8C268B5D8E91}.Release|Any CPU.ActiveCfg = Release|Any CPU
		{880045FC-CAEA-4419-8A7C-8C268B5D8E91}.Release|Any CPU.Build.0 = Release|Any CPU
		{CBD8C554-A433-4454-9BB1-A48D6A6C0C2E}.Debug|Any CPU.ActiveCfg = Debug|Any CPU
		{CBD8C554-A433-4454-9BB1-A48D6A6C0C2E}.Debug|Any CPU.Build.0 = Debug|Any CPU
		{CBD8C554-A433-4454-9BB1-A48D6A6C0C2E}.Release|Any CPU.ActiveCfg = Release|Any CPU
		{CBD8C554-A433-4454-9BB1-A48D6A6C0C2E}.Release|Any CPU.Build.0 = Release|Any CPU
		{BE291353-5396-4CFD-B20E-FFC33B43BB55}.Debug|Any CPU.ActiveCfg = Debug|Any CPU
		{BE291353-5396-4CFD-B20E-FFC33B43BB55}.Debug|Any CPU.Build.0 = Debug|Any CPU
		{BE291353-5396-4CFD-B20E-FFC33B43BB55}.Release|Any CPU.ActiveCfg = Release|Any CPU
		{BE291353-5396-4CFD-B20E-FFC33B43BB55}.Release|Any CPU.Build.0 = Release|Any CPU
		{BA3E04D3-1094-47DE-B875-55DF80D627C2}.Debug|Any CPU.ActiveCfg = Debug|Any CPU
		{BA3E04D3-1094-47DE-B875-55DF80D627C2}.Debug|Any CPU.Build.0 = Debug|Any CPU
		{BA3E04D3-1094-47DE-B875-55DF80D627C2}.Release|Any CPU.ActiveCfg = Release|Any CPU
		{BA3E04D3-1094-47DE-B875-55DF80D627C2}.Release|Any CPU.Build.0 = Release|Any CPU
		{BEB08A18-5E2D-45CA-800B-C67D0589227E}.Debug|Any CPU.ActiveCfg = Debug|Any CPU
		{BEB08A18-5E2D-45CA-800B-C67D0589227E}.Debug|Any CPU.Build.0 = Debug|Any CPU
		{BEB08A18-5E2D-45CA-800B-C67D0589227E}.Release|Any CPU.ActiveCfg = Release|Any CPU
		{BEB08A18-5E2D-45CA-800B-C67D0589227E}.Release|Any CPU.Build.0 = Release|Any CPU
		{8F35F99D-A8B6-4E2C-B1D7-76800E243098}.Debug|Any CPU.ActiveCfg = Debug|Any CPU
		{8F35F99D-A8B6-4E2C-B1D7-76800E243098}.Debug|Any CPU.Build.0 = Debug|Any CPU
		{8F35F99D-A8B6-4E2C-B1D7-76800E243098}.Release|Any CPU.ActiveCfg = Release|Any CPU
		{8F35F99D-A8B6-4E2C-B1D7-76800E243098}.Release|Any CPU.Build.0 = Release|Any CPU
		{F9B01860-FEAF-4685-87F1-F60F156B5EFE}.Debug|Any CPU.ActiveCfg = Debug|Any CPU
		{F9B01860-FEAF-4685-87F1-F60F156B5EFE}.Debug|Any CPU.Build.0 = Debug|Any CPU
		{F9B01860-FEAF-4685-87F1-F60F156B5EFE}.Release|Any CPU.ActiveCfg = Release|Any CPU
		{F9B01860-FEAF-4685-87F1-F60F156B5EFE}.Release|Any CPU.Build.0 = Release|Any CPU
		{CB7CA6AF-47CE-4511-814B-C7DA87F3B1D7}.Debug|Any CPU.ActiveCfg = Debug|Any CPU
		{CB7CA6AF-47CE-4511-814B-C7DA87F3B1D7}.Debug|Any CPU.Build.0 = Debug|Any CPU
		{CB7CA6AF-47CE-4511-814B-C7DA87F3B1D7}.Release|Any CPU.ActiveCfg = Release|Any CPU
		{CB7CA6AF-47CE-4511-814B-C7DA87F3B1D7}.Release|Any CPU.Build.0 = Release|Any CPU
	EndGlobalSection
	GlobalSection(SolutionProperties) = preSolution
		HideSolutionNode = FALSE
	EndGlobalSection
	GlobalSection(ExtensibilityGlobals) = postSolution
		SolutionGuid = {57940C26-D38A-4953-9288-25467629AE39}
	EndGlobalSection
EndGlobal
